{
  "name": "calculator",
  "lockfileVersion": 3,
  "requires": true,
  "packages": {
    "": {
      "dependencies": {
        "chart.js": "^4.4.1",
        "slim.js": "^1.3.0"
      }
    },
    "node_modules/@kurkle/color": {
      "version": "0.3.2",
      "resolved": "https://registry.npmjs.org/@kurkle/color/-/color-0.3.2.tgz",
      "integrity": "sha512-fuscdXJ9G1qb7W8VdHi+IwRqij3lBkosAm4ydQtEmbY58OzHXqQhvlxqEkoz0yssNVn38bcpRWgA9PP+OGoisw=="
    },
    "node_modules/async": {
      "version": "1.3.0",
      "resolved": "https://registry.npmjs.org/async/-/async-1.3.0.tgz",
      "integrity": "sha512-JsebKhdkyE+QlWiFF+Mo9n2YBiFXkUNNLN8eLJqowTxTiFV70hDdgldy8Y+muTuOVeGNyOFawqR2zLqPquLyOg=="
    },
    "node_modules/bson": {
      "version": "0.4.23",
      "resolved": "https://registry.npmjs.org/bson/-/bson-0.4.23.tgz",
      "integrity": "sha512-xMUimhLm6y4t9BTW6BQGRHs9PODB9082EUX/Gkx6M9T2ktuJ5LvMxY/20ukuk0Uc+WPL37pbMIy731XF7eTxjg==",
      "deprecated": "Fixed a critical issue with BSON serialization documented in CVE-2019-2391, see https://bit.ly/2KcpXdo for more details",
      "engines": {
        "node": ">=0.6.19"
      }
    },
    "node_modules/call-bind": {
      "version": "1.0.5",
      "resolved": "https://registry.npmjs.org/call-bind/-/call-bind-1.0.5.tgz",
      "integrity": "sha512-C3nQxfFZxFRVoJoGKKI8y3MOEo129NQ+FgQ08iye+Mk4zNZZGdjfs06bVTr+DBSlA66Q2VEcMki/cUCP4SercQ==",
      "dependencies": {
        "function-bind": "^1.1.2",
        "get-intrinsic": "^1.2.1",
        "set-function-length": "^1.1.1"
      },
      "funding": {
        "url": "https://github.com/sponsors/ljharb"
      }
    },
    "node_modules/chart.js": {
      "version": "4.4.1",
      "resolved": "https://registry.npmjs.org/chart.js/-/chart.js-4.4.1.tgz",
      "integrity": "sha512-C74QN1bxwV1v2PEujhmKjOZ7iUM4w6BWs23Md/6aOZZSlwMzeCIDGuZay++rBgChYru7/+QFeoQW0fQoP534Dg==",
      "dependencies": {
        "@kurkle/color": "^0.3.0"
      },
      "engines": {
        "pnpm": ">=7"
      }
    },
    "node_modules/colors": {
      "version": "1.0.3",
      "resolved": "https://registry.npmjs.org/colors/-/colors-1.0.3.tgz",
      "integrity": "sha512-pFGrxThWcWQ2MsAz6RtgeWe4NK2kUE1WfsrvvlctdII745EW9I0yflqhe7++M5LEc7bV2c/9/5zc8sFcpL0Drw==",
      "engines": {
        "node": ">=0.1.90"
      }
    },
    "node_modules/core-util-is": {
      "version": "1.0.3",
      "resolved": "https://registry.npmjs.org/core-util-is/-/core-util-is-1.0.3.tgz",
      "integrity": "sha512-ZQBvi1DcpJ4GDqanjucZ2Hj3wEO5pZDS89BWbkcrvdxksJorwUDDZamX9ldFkp9aw2lmBDLgkObEA4DWNJ9FYQ=="
    },
    "node_modules/dateformat": {
      "version": "1.0.11",
      "resolved": "https://registry.npmjs.org/dateformat/-/dateformat-1.0.11.tgz",
      "integrity": "sha512-5zcI+Qoul0QgiCcjzsobs9G1c+vHCNaYB2NGa57ZbVnP7bZeKJJgoM/K+I/obaHAmyEL0J8hJafbQ+HFSZnzZA==",
      "dependencies": {
        "get-stdin": "*",
        "meow": "*"
      },
      "bin": {
        "dateformat": "bin/cli.js"
      },
      "engines": {
        "node": "*"
      }
    },
    "node_modules/deep-equal": {
      "version": "1.0.0",
      "resolved": "https://registry.npmjs.org/deep-equal/-/deep-equal-1.0.0.tgz",
      "integrity": "sha512-jAJ/YpGYX9qUM0ZMv7FWuz4JlECyma+QhYzFecyqGweO1MNyyzIi5eRPZTXgaCkra7jjxTt03AEeNp+7e1GJ3A=="
    },
    "node_modules/define-data-property": {
      "version": "1.1.1",
      "resolved": "https://registry.npmjs.org/define-data-property/-/define-data-property-1.1.1.tgz",
      "integrity": "sha512-E7uGkTzkk1d0ByLeSc6ZsFS79Axg+m1P/VsgYsxHgiuc3tFSj+MjMIwe90FC4lOAZzNBdY7kkO2P2wKdsQ1vgQ==",
      "dependencies": {
        "get-intrinsic": "^1.2.1",
        "gopd": "^1.0.1",
        "has-property-descriptors": "^1.0.0"
      },
      "engines": {
        "node": ">= 0.4"
      }
    },
    "node_modules/es6-promise": {
      "version": "2.1.1",
      "resolved": "https://registry.npmjs.org/es6-promise/-/es6-promise-2.1.1.tgz",
      "integrity": "sha512-R/JdLj56a8CEfCYtt4HC1b0CWTy+XD9Ne3YgictYpB4JaFCdn/QZkaV2Mz4P7g3cpkpvMzz6O20+eqvDOWQc+w=="
    },
    "node_modules/function-bind": {
      "version": "1.1.2",
      "resolved": "https://registry.npmjs.org/function-bind/-/function-bind-1.1.2.tgz",
      "integrity": "sha512-7XHNxH7qX9xG5mIwxkhumTox/MIRNcOgDrxWsMt2pAr23WHp6MrRlN7FBSFpCpr+oVO0F744iUgR82nJMfG2SA==",
      "funding": {
        "url": "https://github.com/sponsors/ljharb"
      }
    },
    "node_modules/get-intrinsic": {
      "version": "1.2.2",
      "resolved": "https://registry.npmjs.org/get-intrinsic/-/get-intrinsic-1.2.2.tgz",
      "integrity": "sha512-0gSo4ml/0j98Y3lngkFEot/zhiCeWsbYIlZ+uZOVgzLyLaUw7wxUL+nCTP0XJvJg1AXulJRI3UJi8GsbDuxdGA==",
      "dependencies": {
        "function-bind": "^1.1.2",
        "has-proto": "^1.0.1",
        "has-symbols": "^1.0.3",
        "hasown": "^2.0.0"
      },
      "funding": {
        "url": "https://github.com/sponsors/ljharb"
      }
    },
    "node_modules/get-stdin": {
      "version": "9.0.0",
      "resolved": "https://registry.npmjs.org/get-stdin/-/get-stdin-9.0.0.tgz",
      "integrity": "sha512-dVKBjfWisLAicarI2Sf+JuBE/DghV4UzNAVe9yhEJuzeREd3JhOTE9cUaJTeSa77fsbQUK3pcOpJfM59+VKZaA==",
      "engines": {
        "node": ">=12"
      },
      "funding": {
        "url": "https://github.com/sponsors/sindresorhus"
      }
    },
    "node_modules/gopd": {
      "version": "1.0.1",
      "resolved": "https://registry.npmjs.org/gopd/-/gopd-1.0.1.tgz",
      "integrity": "sha512-d65bNlIadxvpb/A2abVdlqKqV563juRnZ1Wtk6s1sIR8uNsXR70xqIzVqxVf1eTqDunwT2MkczEeaezCKTZhwA==",
      "dependencies": {
        "get-intrinsic": "^1.1.3"
      },
      "funding": {
        "url": "https://github.com/sponsors/ljharb"
      }
    },
    "node_modules/has-property-descriptors": {
      "version": "1.0.1",
      "resolved": "https://registry.npmjs.org/has-property-descriptors/-/has-property-descriptors-1.0.1.tgz",
      "integrity": "sha512-VsX8eaIewvas0xnvinAe9bw4WfIeODpGYikiWYLH+dma0Jw6KHYqWiWfhQlgOVK8D6PvjubK5Uc4P0iIhIcNVg==",
      "dependencies": {
        "get-intrinsic": "^1.2.2"
      },
      "funding": {
        "url": "https://github.com/sponsors/ljharb"
      }
    },
    "node_modules/has-proto": {
      "version": "1.0.1",
      "resolved": "https://registry.npmjs.org/has-proto/-/has-proto-1.0.1.tgz",
      "integrity": "sha512-7qE+iP+O+bgF9clE5+UoBFzE65mlBiVj3tKCrlNQ0Ogwm0BjpT/gK4SlLYDMybDh5I3TCTKnPPa0oMG7JDYrhg==",
      "engines": {
        "node": ">= 0.4"
      },
      "funding": {
        "url": "https://github.com/sponsors/ljharb"
      }
    },
    "node_modules/has-symbols": {
      "version": "1.0.3",
      "resolved": "https://registry.npmjs.org/has-symbols/-/has-symbols-1.0.3.tgz",
      "integrity": "sha512-l3LCuF6MgDNwTDKkdYGEihYjt5pRPbEg46rtlmnSPlUbgmB8LOIrKJbYYFBSbnPaJexMKtiPO8hmeRjRz2Td+A==",
      "engines": {
        "node": ">= 0.4"
      },
      "funding": {
        "url": "https://github.com/sponsors/ljharb"
      }
    },
    "node_modules/hasown": {
      "version": "2.0.0",
      "resolved": "https://registry.npmjs.org/hasown/-/hasown-2.0.0.tgz",
      "integrity": "sha512-vUptKVTpIJhcczKBbgnS+RtcuYMB8+oNzPK2/Hp3hanz8JmpATdmmgLgSaadVREkDm+e2giHwY3ZRkyjSIDDFA==",
      "dependencies": {
        "function-bind": "^1.1.2"
      },
      "engines": {
        "node": ">= 0.4"
      }
    },
    "node_modules/http-https": {
      "version": "1.0.0",
      "resolved": "https://registry.npmjs.org/http-https/-/http-https-1.0.0.tgz",
      "integrity": "sha512-o0PWwVCSp3O0wS6FvNr6xfBCHgt0m1tvPLFOCc2iFDKTRAXhB7m8klDf7ErowFH8POa6dVdGatKU5I1YYwzUyg=="
    },
    "node_modules/inherits": {
      "version": "2.0.4",
      "resolved": "https://registry.npmjs.org/inherits/-/inherits-2.0.4.tgz",
      "integrity": "sha512-k/vGaX4/Yla3WzyMCvTQOXYeIHvqOKtnqBduzTHpzpQZzAskKMhZ2K+EnBiSM9zGSoIFeMpXKxa4dYeZIQqewQ=="
    },
    "node_modules/is": {
      "version": "3.3.0",
      "resolved": "https://registry.npmjs.org/is/-/is-3.3.0.tgz",
      "integrity": "sha512-nW24QBoPcFGGHJGUwnfpI7Yc5CdqWNdsyHQszVE/z2pKHXzh7FZ5GWhJqSyaQ9wMkQnsTx+kAI8bHlCX4tKdbg==",
      "engines": {
        "node": "*"
      }
    },
    "node_modules/isarray": {
      "version": "2.0.5",
      "resolved": "https://registry.npmjs.org/isarray/-/isarray-2.0.5.tgz",
      "integrity": "sha512-xHjhDr3cNBK0BzdUJSPXZntQUx/mwMS5Rw4A7lPJ90XGAO6ISP/ePDNuo0vhqOZU+UD5JoodwCAAoZQd3FeAKw=="
    },
    "node_modules/json-stable-stringify": {
      "version": "1.1.1",
      "resolved": "https://registry.npmjs.org/json-stable-stringify/-/json-stable-stringify-1.1.1.tgz",
      "integrity": "sha512-SU/971Kt5qVQfJpyDveVhQ/vya+5hvrjClFOcr8c0Fq5aODJjMwutrOfCU+eCnVD5gpx1Q3fEqkyom77zH1iIg==",
      "dependencies": {
        "call-bind": "^1.0.5",
        "isarray": "^2.0.5",
        "jsonify": "^0.0.1",
        "object-keys": "^1.1.1"
      },
      "engines": {
        "node": ">= 0.4"
      },
      "funding": {
        "url": "https://github.com/sponsors/ljharb"
      }
    },
    "node_modules/jsonify": {
      "version": "0.0.1",
      "resolved": "https://registry.npmjs.org/jsonify/-/jsonify-0.0.1.tgz",
      "integrity": "sha512-2/Ki0GcmuqSrgFyelQq9M05y7PS0mEwuIzrf3f1fPqkVDVRvZrPZtVSMHxdgo8Aq0sxAOb/cr2aqqA3LeWHVPg==",
      "funding": {
        "url": "https://github.com/sponsors/ljharb"
      }
    },
    "node_modules/kerberos": {
      "version": "0.0.24",
      "resolved": "https://registry.npmjs.org/kerberos/-/kerberos-0.0.24.tgz",
      "integrity": "sha512-QO6bFq9eETHB5zcA0OJiQtw137TH45OuUcGtI+QGg2ZJQIPCvwXL2kjCqZZMColcIdbPhj4X40EY5f3oOiBfiw==",
      "hasInstallScript": true,
      "optional": true,
      "dependencies": {
        "nan": "~2.10.0"
      }
    },
    "node_modules/line-reader": {
      "version": "0.2.4",
      "resolved": "https://registry.npmjs.org/line-reader/-/line-reader-0.2.4.tgz",
      "integrity": "sha512-342xzyZZS9uTiKwHJcMacopVl/WjrMMCZS1Qg4Uhl/WBknWRrGFdKOIS1Kec6SaiTcZMtmuxWvvIbPXj/+FMjA=="
    },
    "node_modules/meow": {
      "version": "13.1.0",
      "resolved": "https://registry.npmjs.org/meow/-/meow-13.1.0.tgz",
      "integrity": "sha512-o5R/R3Tzxq0PJ3v3qcQJtSvSE9nKOLSAaDuuoMzDVuGTwHdccMWcYomh9Xolng2tjT6O/Y83d+0coVGof6tqmA==",
      "engines": {
        "node": ">=18"
      },
      "funding": {
        "url": "https://github.com/sponsors/sindresorhus"
      }
    },
    "node_modules/minimist": {
      "version": "1.1.1",
      "resolved": "https://registry.npmjs.org/minimist/-/minimist-1.1.1.tgz",
      "integrity": "sha512-FzcUe2HULkO6NxOnADCRJos39lkw3Uy+i8hpVfHDrBK0fdbTLkeo6LveAY6dEJwoSxwB3z6MyQSOJDRZ6w9kvA=="
    },
    "node_modules/mkdirp": {
      "version": "0.5.1",
      "resolved": "https://registry.npmjs.org/mkdirp/-/mkdirp-0.5.1.tgz",
      "integrity": "sha512-SknJC52obPfGQPnjIkXbmA6+5H15E+fR+E4iR2oQ3zzCLbd7/ONua69R/Gw7AgkTLsRG+r5fzksYwWe1AgTyWA==",
      "deprecated": "Legacy versions of mkdirp are no longer supported. Please update to mkdirp 1.x. (Note that the API surface has changed to use Promises in 1.x.)",
      "dependencies": {
        "minimist": "0.0.8"
      },
      "bin": {
        "mkdirp": "bin/cmd.js"
      }
    },
    "node_modules/mkdirp/node_modules/minimist": {
      "version": "0.0.8",
      "resolved": "https://registry.npmjs.org/minimist/-/minimist-0.0.8.tgz",
      "integrity": "sha512-miQKw5Hv4NS1Psg2517mV4e4dYNaO3++hjAvLOAzKqZ61rH8NS1SK+vbfBWZ5PY/Me/bEWhUwqMghEW5Fb9T7Q=="
    },
    "node_modules/moment": {
      "version": "2.10.3",
      "resolved": "https://registry.npmjs.org/moment/-/moment-2.10.3.tgz",
      "integrity": "sha512-OanfVnsrd98owhZds42DCN5qEqFPzqQXfQ5MxFqLOYqUTS2snGjZOYuyLzI8lyRltO8FeTkNZKgbyR1e/epIqw==",
      "engines": {
        "node": "*"
      }
    },
    "node_modules/mongodb": {
      "version": "2.0.42",
      "resolved": "https://registry.npmjs.org/mongodb/-/mongodb-2.0.42.tgz",
      "integrity": "sha512-X6YsoOaDRIMZXi8XhhUfbcjlbDTk0gGIbiwH0/0G90oe5tBW1B+Qj+tiZv9bVs9oJqRNFfBqzZ6IDoK43eW47Q==",
      "deprecated": "Please upgrade to 2.2.19 or higher",
      "dependencies": {
        "es6-promise": "2.1.1",
        "mongodb-core": "1.2.10",
        "readable-stream": "1.0.31"
      }
    },
    "node_modules/mongodb-core": {
      "version": "1.2.10",
      "resolved": "https://registry.npmjs.org/mongodb-core/-/mongodb-core-1.2.10.tgz",
      "integrity": "sha512-2mMb3Y0soIVBVAjQ1uU6c1SkPTeg9kY67y+4pA1l6Wx75M2fssdihP73L63hF+PI7AMDTsp5imNn1jsOeWlk6g==",
      "dependencies": {
        "bson": "~0.4"
      },
      "optionalDependencies": {
        "kerberos": "~0.0"
      }
    },
    "node_modules/nan": {
      "version": "2.10.0",
      "resolved": "https://registry.npmjs.org/nan/-/nan-2.10.0.tgz",
      "integrity": "sha512-bAdJv7fBLhWC+/Bls0Oza+mvTaNQtP+1RyhhhvD95pgUJz6XM5IzgmxOkItJ9tkoCiplvAnXI1tNmmUD/eScyA==",
      "optional": true
    },
    "node_modules/node.extend": {
      "version": "1.1.5",
      "resolved": "https://registry.npmjs.org/node.extend/-/node.extend-1.1.5.tgz",
      "integrity": "sha512-GVqiHYjFrfOiEHudYpT98A3KXqHWgbkJmXqZmwUlS4PWChLedbVUsPSlyEVgtcE9T0JdCI1adTnvT0aVbHXtjg==",
      "engines": [
        "node >= 0.4"
      ],
      "dependencies": {
        "is": "^3.0.1"
      }
    },
    "node_modules/object-keys": {
      "version": "1.1.1",
      "resolved": "https://registry.npmjs.org/object-keys/-/object-keys-1.1.1.tgz",
      "integrity": "sha512-NuAESUOUMrlIXOfHKzD6bpPu3tYt3xvjNdRIQ+FeT0lNb4K8WR70CaDxhuNguS2XG+GjkyMwOzsN5ZktImfhLA==",
      "engines": {
        "node": ">= 0.4"
      }
    },
    "node_modules/oboe": {
      "version": "2.1.2",
      "resolved": "https://registry.npmjs.org/oboe/-/oboe-2.1.2.tgz",
      "integrity": "sha512-MbVdI5iAbGLfZ1RVo85SRDxQqTd39f6qkaLh5cKauLMTEVMjUmMzpym7FKgkQz15SEwPuzIhnsiBhF291ccXGg==",
      "dependencies": {
        "http-https": "^1.0.0"
      }
    },
    "node_modules/priorityqueuejs": {
      "version": "1.0.0",
      "resolved": "https://registry.npmjs.org/priorityqueuejs/-/priorityqueuejs-1.0.0.tgz",
      "integrity": "sha512-lg++21mreCEOuGWTbO5DnJKAdxfjrdN0S9ysoW9SzdSJvbkWpkaDdpG/cdsPCsEnoLUwmd9m3WcZhngW7yKA2g=="
    },
    "node_modules/readable-stream": {
      "version": "1.0.31",
      "resolved": "https://registry.npmjs.org/readable-stream/-/readable-stream-1.0.31.tgz",
      "integrity": "sha512-tco/Dwv1f/sgIgN6CWdj/restacPKNskK6yps1981ivH2ZmLYcs5o5rVzL3qaO/cSkhN8hYOMWs7+glzOLSgRg==",
      "dependencies": {
        "core-util-is": "~1.0.0",
        "inherits": "~2.0.1",
        "isarray": "0.0.1",
        "string_decoder": "~0.10.x"
      }
    },
    "node_modules/readable-stream/node_modules/isarray": {
      "version": "0.0.1",
      "resolved": "https://registry.npmjs.org/isarray/-/isarray-0.0.1.tgz",
      "integrity": "sha512-D2S+3GLxWH+uhrNEcoh/fnmYeP8E8/zHl644d/jdA0g2uyXvy3sb0qxotE+ne0LtccHknQzWwZEzhak7oJ0COQ=="
    },
    "node_modules/set-function-length": {
      "version": "1.2.0",
      "resolved": "https://registry.npmjs.org/set-function-length/-/set-function-length-1.2.0.tgz",
      "integrity": "sha512-4DBHDoyHlM1IRPGYcoxexgh67y4ueR53FKV1yyxwFMY7aCqcN/38M1+SwZ/qJQ8iLv7+ck385ot4CcisOAPT9w==",
      "dependencies": {
        "define-data-property": "^1.1.1",
        "function-bind": "^1.1.2",
        "get-intrinsic": "^1.2.2",
        "gopd": "^1.0.1",
        "has-property-descriptors": "^1.0.1"
      },
      "engines": {
        "node": ">= 0.4"
      }
    },
    "node_modules/shelljs": {
      "version": "0.5.1",
      "resolved": "https://registry.npmjs.org/shelljs/-/shelljs-0.5.1.tgz",
      "integrity": "sha512-nxOMrgobdsy2MNlkIqxAeALrYw99VYw8O6FeWItS2xhcz4DvoFzWX8R9kWMcEulRxTv4nzOa1NzOR1IESLUTOQ==",
      "bin": {
        "shjs": "bin/shjs"
      },
      "engines": {
        "node": ">=0.8.0"
      }
    },
    "node_modules/slim.js": {
      "version": "1.3.0",
      "resolved": "https://registry.npmjs.org/slim.js/-/slim.js-1.3.0.tgz",
      "integrity": "sha512-CSp54v4GvqvdkC96TS1B5DA4yiASr55TIGzGWq0isfAnzrDmXPfT0J2obgaNl+IOPADJBCl6xkL5N5rF36H72w==",
      "dependencies": {
        "async": "1.3.0",
        "deep-equal": "1.0.0",
        "json-stable-stringify": "^1.0.0",
        "line-reader": "0.2.4",
        "minimist": "1.1.1",
        "mkdirp": "0.5.1",
        "moment": "2.10.3",
        "mongodb": "2.0.42",
        "node.extend": "1.1.5",
        "oboe": "2.1.2",
        "priorityqueuejs": "^1.0.0",
        "shelljs": "0.5.1",
        "tracer": "0.7.4"
      },
      "bin": {
        "slim": "slim.js"
      },
      "engines": {
        "node": ">= 0.10.0"
      }
    },
    "node_modules/string_decoder": {
      "version": "0.10.31",
      "resolved": "https://registry.npmjs.org/string_decoder/-/string_decoder-0.10.31.tgz",
      "integrity": "sha512-ev2QzSzWPYmy9GuqfIVildA4OdcGLeFZQrq5ys6RtiuF+RQQiZWr8TZNyAcuVXyQRYfEO+MsoB/1BuQVhOJuoQ=="
    },
    "node_modules/tinytim": {
      "version": "0.1.1",
      "resolved": "https://registry.npmjs.org/tinytim/-/tinytim-0.1.1.tgz",
      "integrity": "sha512-NIpsp9lBIxPNzB++HnMmUd4byzJSVbbO4F+As1Gb1IG/YQT5QvmBDjpx8SpDS8fhGC+t+Qw8ldQgbcAIaU+2cA==",
      "engines": {
        "node": ">= 0.2.0"
      }
    },
    "node_modules/tracer": {
      "version": "0.7.4",
      "resolved": "https://registry.npmjs.org/tracer/-/tracer-0.7.4.tgz",
      "integrity": "sha512-yG3Yb4ztlE1CZHNRWcBqjRIVSCXd8fx7HvL9gvlC37tpPrG3I5skNAY3mQApWeQiw0/3m83JWbfagwOAlmP/ww==",
      "dependencies": {
        "colors": "1.0.3",
        "dateformat": "1.0.11",
        "tinytim": "0.1.1"
      },
      "engines": {
        "node": ">= 0.10.0"
      }
    }
  }
}
